// !$*UTF8*$!
{
	archiveVersion = 1;
	classes = {
	};
	objectVersion = 46;
	objects = {

/* Begin PBXBuildFile section */
		F22CDC9F23C8799500D6E12C /* NSObject+QJCoding.m in Sources */ = {isa = PBXBuildFile; fileRef = F22CDC9E23C8799500D6E12C /* NSObject+QJCoding.m */; };
		F2984FF71F025DCF00E5F183 /* NSMutableArray+MethodExchange.m in Sources */ = {isa = PBXBuildFile; fileRef = F2984FF61F025DCF00E5F183 /* NSMutableArray+MethodExchange.m */; };
		F2ABC40B1F02471D00008559 /* main.m in Sources */ = {isa = PBXBuildFile; fileRef = F2ABC40A1F02471D00008559 /* main.m */; };
		F2ABC40E1F02471D00008559 /* AppDelegate.m in Sources */ = {isa = PBXBuildFile; fileRef = F2ABC40D1F02471D00008559 /* AppDelegate.m */; };
		F2ABC4111F02471D00008559 /* ViewController.m in Sources */ = {isa = PBXBuildFile; fileRef = F2ABC4101F02471D00008559 /* ViewController.m */; };
		F2ABC4141F02471D00008559 /* Main.storyboard in Resources */ = {isa = PBXBuildFile; fileRef = F2ABC4121F02471D00008559 /* Main.storyboard */; };
		F2ABC4171F02471D00008559 /* RuntimeDome.xcdatamodeld in Sources */ = {isa = PBXBuildFile; fileRef = F2ABC4151F02471D00008559 /* RuntimeDome.xcdatamodeld */; };
		F2ABC4191F02471D00008559 /* Assets.xcassets in Resources */ = {isa = PBXBuildFile; fileRef = F2ABC4181F02471D00008559 /* Assets.xcassets */; };
		F2ABC41C1F02471D00008559 /* LaunchScreen.storyboard in Resources */ = {isa = PBXBuildFile; fileRef = F2ABC41A1F02471D00008559 /* LaunchScreen.storyboard */; };
		F2ABC4271F02471D00008559 /* RuntimeDomeTests.m in Sources */ = {isa = PBXBuildFile; fileRef = F2ABC4261F02471D00008559 /* RuntimeDomeTests.m */; };
		F2ABC4321F02471D00008559 /* RuntimeDomeUITests.m in Sources */ = {isa = PBXBuildFile; fileRef = F2ABC4311F02471D00008559 /* RuntimeDomeUITests.m */; };
		F2ABC4411F02475400008559 /* QJCoderEntity.m in Sources */ = {isa = PBXBuildFile; fileRef = F2ABC4401F02475400008559 /* QJCoderEntity.m */; };
		F2CD04A72359A82200BC15EA /* NSObject+QJExtension.m in Sources */ = {isa = PBXBuildFile; fileRef = F2CD04A62359A82200BC15EA /* NSObject+QJExtension.m */; };
		F2CD04AA2359ABE100BC15EA /* QJTestMode.m in Sources */ = {isa = PBXBuildFile; fileRef = F2CD04A92359ABE100BC15EA /* QJTestMode.m */; };
/* End PBXBuildFile section */

/* Begin PBXContainerItemProxy section */
		F2ABC4231F02471D00008559 /* PBXContainerItemProxy */ = {
			isa = PBXContainerItemProxy;
			containerPortal = F2ABC3FE1F02471D00008559 /* Project object */;
			proxyType = 1;
			remoteGlobalIDString = F2ABC4051F02471D00008559;
			remoteInfo = RuntimeDome;
		};
		F2ABC42E1F02471D00008559 /* PBXContainerItemProxy */ = {
			isa = PBXContainerItemProxy;
			containerPortal = F2ABC3FE1F02471D00008559 /* Project object */;
			proxyType = 1;
			remoteGlobalIDString = F2ABC4051F02471D00008559;
			remoteInfo = RuntimeDome;
		};
/* End PBXContainerItemProxy section */

/* Begin PBXFileReference section */
		F22CDC9D23C8799500D6E12C /* NSObject+QJCoding.h */ = {isa = PBXFileReference; lastKnownFileType = sourcecode.c.h; path = "NSObject+QJCoding.h"; sourceTree = "<group>"; };
		F22CDC9E23C8799500D6E12C /* NSObject+QJCoding.m */ = {isa = PBXFileReference; lastKnownFileType = sourcecode.c.objc; path = "NSObject+QJCoding.m"; sourceTree = "<group>"; };
		F2984FF51F025DCF00E5F183 /* NSMutableArray+MethodExchange.h */ = {isa = PBXFileReference; fileEncoding = 4; lastKnownFileType = sourcecode.c.h; path = "NSMutableArray+MethodExchange.h"; sourceTree = "<group>"; };
		F2984FF61F025DCF00E5F183 /* NSMutableArray+MethodExchange.m */ = {isa = PBXFileReference; fileEncoding = 4; lastKnownFileType = sourcecode.c.objc; path = "NSMutableArray+MethodExchange.m"; sourceTree = "<group>"; };
		F2ABC4061F02471D00008559 /* RuntimeDome.app */ = {isa = PBXFileReference; explicitFileType = wrapper.application; includeInIndex = 0; path = RuntimeDome.app; sourceTree = BUILT_PRODUCTS_DIR; };
		F2ABC40A1F02471D00008559 /* main.m */ = {isa = PBXFileReference; lastKnownFileType = sourcecode.c.objc; path = main.m; sourceTree = "<group>"; };
		F2ABC40C1F02471D00008559 /* AppDelegate.h */ = {isa = PBXFileReference; lastKnownFileType = sourcecode.c.h; path = AppDelegate.h; sourceTree = "<group>"; };
		F2ABC40D1F02471D00008559 /* AppDelegate.m */ = {isa = PBXFileReference; lastKnownFileType = sourcecode.c.objc; path = AppDelegate.m; sourceTree = "<group>"; };
		F2ABC40F1F02471D00008559 /* ViewController.h */ = {isa = PBXFileReference; lastKnownFileType = sourcecode.c.h; path = ViewController.h; sourceTree = "<group>"; };
		F2ABC4101F02471D00008559 /* ViewController.m */ = {isa = PBXFileReference; lastKnownFileType = sourcecode.c.objc; path = ViewController.m; sourceTree = "<group>"; };
		F2ABC4131F02471D00008559 /* Base */ = {isa = PBXFileReference; lastKnownFileType = file.storyboard; name = Base; path = Base.lproj/Main.storyboard; sourceTree = "<group>"; };
		F2ABC4161F02471D00008559 /* RuntimeDome.xcdatamodel */ = {isa = PBXFileReference; lastKnownFileType = wrapper.xcdatamodel; path = RuntimeDome.xcdatamodel; sourceTree = "<group>"; };
		F2ABC4181F02471D00008559 /* Assets.xcassets */ = {isa = PBXFileReference; lastKnownFileType = folder.assetcatalog; path = Assets.xcassets; sourceTree = "<group>"; };
		F2ABC41B1F02471D00008559 /* Base */ = {isa = PBXFileReference; lastKnownFileType = file.storyboard; name = Base; path = Base.lproj/LaunchScreen.storyboard; sourceTree = "<group>"; };
		F2ABC41D1F02471D00008559 /* Info.plist */ = {isa = PBXFileReference; lastKnownFileType = text.plist.xml; path = Info.plist; sourceTree = "<group>"; };
		F2ABC4221F02471D00008559 /* RuntimeDomeTests.xctest */ = {isa = PBXFileReference; explicitFileType = wrapper.cfbundle; includeInIndex = 0; path = RuntimeDomeTests.xctest; sourceTree = BUILT_PRODUCTS_DIR; };
		F2ABC4261F02471D00008559 /* RuntimeDomeTests.m */ = {isa = PBXFileReference; lastKnownFileType = sourcecode.c.objc; path = RuntimeDomeTests.m; sourceTree = "<group>"; };
		F2ABC4281F02471D00008559 /* Info.plist */ = {isa = PBXFileReference; lastKnownFileType = text.plist.xml; path = Info.plist; sourceTree = "<group>"; };
		F2ABC42D1F02471D00008559 /* RuntimeDomeUITests.xctest */ = {isa = PBXFileReference; explicitFileType = wrapper.cfbundle; includeInIndex = 0; path = RuntimeDomeUITests.xctest; sourceTree = BUILT_PRODUCTS_DIR; };
		F2ABC4311F02471D00008559 /* RuntimeDomeUITests.m */ = {isa = PBXFileReference; lastKnownFileType = sourcecode.c.objc; path = RuntimeDomeUITests.m; sourceTree = "<group>"; };
		F2ABC4331F02471D00008559 /* Info.plist */ = {isa = PBXFileReference; lastKnownFileType = text.plist.xml; path = Info.plist; sourceTree = "<group>"; };
		F2ABC43F1F02475400008559 /* QJCoderEntity.h */ = {isa = PBXFileReference; fileEncoding = 4; lastKnownFileType = sourcecode.c.h; path = QJCoderEntity.h; sourceTree = "<group>"; };
		F2ABC4401F02475400008559 /* QJCoderEntity.m */ = {isa = PBXFileReference; fileEncoding = 4; lastKnownFileType = sourcecode.c.objc; path = QJCoderEntity.m; sourceTree = "<group>"; };
		F2CD04A52359A82200BC15EA /* NSObject+QJExtension.h */ = {isa = PBXFileReference; lastKnownFileType = sourcecode.c.h; path = "NSObject+QJExtension.h"; sourceTree = "<group>"; };
		F2CD04A62359A82200BC15EA /* NSObject+QJExtension.m */ = {isa = PBXFileReference; lastKnownFileType = sourcecode.c.objc; path = "NSObject+QJExtension.m"; sourceTree = "<group>"; };
		F2CD04A82359ABE100BC15EA /* QJTestMode.h */ = {isa = PBXFileReference; lastKnownFileType = sourcecode.c.h; path = QJTestMode.h; sourceTree = "<group>"; };
		F2CD04A92359ABE100BC15EA /* QJTestMode.m */ = {isa = PBXFileReference; lastKnownFileType = sourcecode.c.objc; path = QJTestMode.m; sourceTree = "<group>"; };
/* End PBXFileReference section */

/* Begin PBXFrameworksBuildPhase section */
		F2ABC4031F02471D00008559 /* Frameworks */ = {
			isa = PBXFrameworksBuildPhase;
			buildActionMask = 2147483647;
			files = (
			);
			runOnlyForDeploymentPostprocessing = 0;
		};
		F2ABC41F1F02471D00008559 /* Frameworks */ = {
			isa = PBXFrameworksBuildPhase;
			buildActionMask = 2147483647;
			files = (
			);
			runOnlyForDeploymentPostprocessing = 0;
		};
		F2ABC42A1F02471D00008559 /* Frameworks */ = {
			isa = PBXFrameworksBuildPhase;
			buildActionMask = 2147483647;
			files = (
			);
			runOnlyForDeploymentPostprocessing = 0;
		};
/* End PBXFrameworksBuildPhase section */

/* Begin PBXGroup section */
		F22B583F1F03482D0026A9D3 /* test runtime */ = {
			isa = PBXGroup;
			children = (
				F2984FF51F025DCF00E5F183 /* NSMutableArray+MethodExchange.h */,
				F2984FF61F025DCF00E5F183 /* NSMutableArray+MethodExchange.m */,
				F2CD04A52359A82200BC15EA /* NSObject+QJExtension.h */,
				F2CD04A62359A82200BC15EA /* NSObject+QJExtension.m */,
				F22CDC9D23C8799500D6E12C /* NSObject+QJCoding.h */,
				F22CDC9E23C8799500D6E12C /* NSObject+QJCoding.m */,
			);
			name = "test runtime";
			sourceTree = "<group>";
		};
		F2ABC3FD1F02471D00008559 = {
			isa = PBXGroup;
			children = (
				F2ABC4081F02471D00008559 /* RuntimeDome */,
				F2ABC4251F02471D00008559 /* RuntimeDomeTests */,
				F2ABC4301F02471D00008559 /* RuntimeDomeUITests */,
				F2ABC4071F02471D00008559 /* Products */,
			);
			sourceTree = "<group>";
		};
		F2ABC4071F02471D00008559 /* Products */ = {
			isa = PBXGroup;
			children = (
				F2ABC4061F02471D00008559 /* RuntimeDome.app */,
				F2ABC4221F02471D00008559 /* RuntimeDomeTests.xctest */,
				F2ABC42D1F02471D00008559 /* RuntimeDomeUITests.xctest */,
			);
			name = Products;
			sourceTree = "<group>";
		};
		F2ABC4081F02471D00008559 /* RuntimeDome */ = {
			isa = PBXGroup;
			children = (
				F22B583F1F03482D0026A9D3 /* test runtime */,
				F2ABC40C1F02471D00008559 /* AppDelegate.h */,
				F2ABC40D1F02471D00008559 /* AppDelegate.m */,
				F2ABC43F1F02475400008559 /* QJCoderEntity.h */,
				F2ABC4401F02475400008559 /* QJCoderEntity.m */,
				F2ABC40F1F02471D00008559 /* ViewController.h */,
				F2ABC4101F02471D00008559 /* ViewController.m */,
				F2CD04A82359ABE100BC15EA /* QJTestMode.h */,
				F2CD04A92359ABE100BC15EA /* QJTestMode.m */,
				F2ABC4121F02471D00008559 /* Main.storyboard */,
				F2ABC4181F02471D00008559 /* Assets.xcassets */,
				F2ABC41A1F02471D00008559 /* LaunchScreen.storyboard */,
				F2ABC41D1F02471D00008559 /* Info.plist */,
				F2ABC4151F02471D00008559 /* RuntimeDome.xcdatamodeld */,
				F2ABC4091F02471D00008559 /* Supporting Files */,
			);
			path = RuntimeDome;
			sourceTree = "<group>";
		};
		F2ABC4091F02471D00008559 /* Supporting Files */ = {
			isa = PBXGroup;
			children = (
				F2ABC40A1F02471D00008559 /* main.m */,
			);
			name = "Supporting Files";
			sourceTree = "<group>";
		};
		F2ABC4251F02471D00008559 /* RuntimeDomeTests */ = {
			isa = PBXGroup;
			children = (
				F2ABC4261F02471D00008559 /* RuntimeDomeTests.m */,
				F2ABC4281F02471D00008559 /* Info.plist */,
			);
			path = RuntimeDomeTests;
			sourceTree = "<group>";
		};
		F2ABC4301F02471D00008559 /* RuntimeDomeUITests */ = {
			isa = PBXGroup;
			children = (
				F2ABC4311F02471D00008559 /* RuntimeDomeUITests.m */,
				F2ABC4331F02471D00008559 /* Info.plist */,
			);
			path = RuntimeDomeUITests;
			sourceTree = "<group>";
		};
/* End PBXGroup section */

/* Begin PBXNativeTarget section */
		F2ABC4051F02471D00008559 /* RuntimeDome */ = {
			isa = PBXNativeTarget;
			buildConfigurationList = F2ABC4361F02471D00008559 /* Build configuration list for PBXNativeTarget "RuntimeDome" */;
			buildPhases = (
				F2ABC4021F02471D00008559 /* Sources */,
				F2ABC4031F02471D00008559 /* Frameworks */,
				F2ABC4041F02471D00008559 /* Resources */,
			);
			buildRules = (
			);
			dependencies = (
			);
			name = RuntimeDome;
			productName = RuntimeDome;
			productReference = F2ABC4061F02471D00008559 /* RuntimeDome.app */;
			productType = "com.apple.product-type.application";
		};
		F2ABC4211F02471D00008559 /* RuntimeDomeTests */ = {
			isa = PBXNativeTarget;
			buildConfigurationList = F2ABC4391F02471D00008559 /* Build configuration list for PBXNativeTarget "RuntimeDomeTests" */;
			buildPhases = (
				F2ABC41E1F02471D00008559 /* Sources */,
				F2ABC41F1F02471D00008559 /* Frameworks */,
				F2ABC4201F02471D00008559 /* Resources */,
			);
			buildRules = (
			);
			dependencies = (
				F2ABC4241F02471D00008559 /* PBXTargetDependency */,
			);
			name = RuntimeDomeTests;
			productName = RuntimeDomeTests;
			productReference = F2ABC4221F02471D00008559 /* RuntimeDomeTests.xctest */;
			productType = "com.apple.product-type.bundle.unit-test";
		};
		F2ABC42C1F02471D00008559 /* RuntimeDomeUITests */ = {
			isa = PBXNativeTarget;
			buildConfigurationList = F2ABC43C1F02471D00008559 /* Build configuration list for PBXNativeTarget "RuntimeDomeUITests" */;
			buildPhases = (
				F2ABC4291F02471D00008559 /* Sources */,
				F2ABC42A1F02471D00008559 /* Frameworks */,
				F2ABC42B1F02471D00008559 /* Resources */,
			);
			buildRules = (
			);
			dependencies = (
				F2ABC42F1F02471D00008559 /* PBXTargetDependency */,
			);
			name = RuntimeDomeUITests;
			productName = RuntimeDomeUITests;
			productReference = F2ABC42D1F02471D00008559 /* RuntimeDomeUITests.xctest */;
			productType = "com.apple.product-type.bundle.ui-testing";
		};
/* End PBXNativeTarget section */

/* Begin PBXProject section */
		F2ABC3FE1F02471D00008559 /* Project object */ = {
			isa = PBXProject;
			attributes = {
				LastUpgradeCheck = 0830;
				ORGANIZATIONNAME = yiniu;
				TargetAttributes = {
					F2ABC4051F02471D00008559 = {
						CreatedOnToolsVersion = 8.3.2;
						DevelopmentTeam = 5XP7V8XFSX;
						ProvisioningStyle = Automatic;
					};
					F2ABC4211F02471D00008559 = {
						CreatedOnToolsVersion = 8.3.2;
						DevelopmentTeam = 5XP7V8XFSX;
						ProvisioningStyle = Automatic;
						TestTargetID = F2ABC4051F02471D00008559;
					};
					F2ABC42C1F02471D00008559 = {
						CreatedOnToolsVersion = 8.3.2;
						DevelopmentTeam = 5XP7V8XFSX;
						ProvisioningStyle = Automatic;
						TestTargetID = F2ABC4051F02471D00008559;
					};
				};
			};
			buildConfigurationList = F2ABC4011F02471D00008559 /* Build configuration list for PBXProject "RuntimeDome" */;
			compatibilityVersion = "Xcode 3.2";
			developmentRegion = English;
			hasScannedForEncodings = 0;
			knownRegions = (
				English,
				en,
				Base,
			);
			mainGroup = F2ABC3FD1F02471D00008559;
			productRefGroup = F2ABC4071F02471D00008559 /* Products */;
			projectDirPath = "";
			projectRoot = "";
			targets = (
				F2ABC4051F02471D00008559 /* RuntimeDome */,
				F2ABC4211F02471D00008559 /* RuntimeDomeTests */,
				F2ABC42C1F02471D00008559 /* RuntimeDomeUITests */,
			);
		};
/* End PBXProject section */

/* Begin PBXResourcesBuildPhase section */
		F2ABC4041F02471D00008559 /* Resources */ = {
			isa = PBXResourcesBuildPhase;
			buildActionMask = 2147483647;
			files = (
				F2ABC41C1F02471D00008559 /* LaunchScreen.storyboard in Resources */,
				F2ABC4191F02471D00008559 /* Assets.xcassets in Resources */,
				F2ABC4141F02471D00008559 /* Main.storyboard in Resources */,
			);
			runOnlyForDeploymentPostprocessing = 0;
		};
		F2ABC4201F02471D00008559 /* Resources */ = {
			isa = PBXResourcesBuildPhase;
			buildActionMask = 2147483647;
			files = (
			);
			runOnlyForDeploymentPostprocessing = 0;
		};
		F2ABC42B1F02471D00008559 /* Resources */ = {
			isa = PBXResourcesBuildPhase;
			buildActionMask = 2147483647;
			files = (
			);
			runOnlyForDeploymentPostprocessing = 0;
		};
/* End PBXResourcesBuildPhase section */

/* Begin PBXSourcesBuildPhase section */
		F2ABC4021F02471D00008559 /* Sources */ = {
			isa = PBXSourcesBuildPhase;
			buildActionMask = 2147483647;
			files = (
				F2ABC4111F02471D00008559 /* ViewController.m in Sources */,
				F2ABC4171F02471D00008559 /* RuntimeDome.xcdatamodeld in Sources */,
				F2ABC40E1F02471D00008559 /* AppDelegate.m in Sources */,
				F22CDC9F23C8799500D6E12C /* NSObject+QJCoding.m in Sources */,
				F2984FF71F025DCF00E5F183 /* NSMutableArray+MethodExchange.m in Sources */,
				F2ABC4411F02475400008559 /* QJCoderEntity.m in Sources */,
				F2CD04A72359A82200BC15EA /* NSObject+QJExtension.m in Sources */,
				F2ABC40B1F02471D00008559 /* main.m in Sources */,
				F2CD04AA2359ABE100BC15EA /* QJTestMode.m in Sources */,
			);
			runOnlyForDeploymentPostprocessing = 0;
		};
		F2ABC41E1F02471D00008559 /* Sources */ = {
			isa = PBXSourcesBuildPhase;
			buildActionMask = 2147483647;
			files = (
				F2ABC4271F02471D00008559 /* RuntimeDomeTests.m in Sources */,
			);
			runOnlyForDeploymentPostprocessing = 0;
		};
		F2ABC4291F02471D00008559 /* Sources */ = {
			isa = PBXSourcesBuildPhase;
			buildActionMask = 2147483647;
			files = (
				F2ABC4321F02471D00008559 /* RuntimeDomeUITests.m in Sources */,
			);
			runOnlyForDeploymentPostprocessing = 0;
		};
/* End PBXSourcesBuildPhase section */

/* Begin PBXTargetDependency section */
		F2ABC4241F02471D00008559 /* PBXTargetDependency */ = {
			isa = PBXTargetDependency;
			target = F2ABC4051F02471D00008559 /* RuntimeDome */;
			targetProxy = F2ABC4231F02471D00008559 /* PBXContainerItemProxy */;
		};
		F2ABC42F1F02471D00008559 /* PBXTargetDependency */ = {
			isa = PBXTargetDependency;
			target = F2ABC4051F02471D00008559 /* RuntimeDome */;
			targetProxy = F2ABC42E1F02471D00008559 /* PBXContainerItemProxy */;
		};
/* End PBXTargetDependency section */

/* Begin PBXVariantGroup section */
		F2ABC4121F02471D00008559 /* Main.storyboard */ = {
			isa = PBXVariantGroup;
			children = (
				F2ABC4131F02471D00008559 /* Base */,
			);
			name = Main.storyboard;
			sourceTree = "<group>";
		};
		F2ABC41A1F02471D00008559 /* LaunchScreen.storyboard */ = {
			isa = PBXVariantGroup;
			children = (
				F2ABC41B1F02471D00008559 /* Base */,
			);
			name = LaunchScreen.storyboard;
			sourceTree = "<group>";
		};
/* End PBXVariantGroup section */

/* Begin XCBuildConfiguration section */
		F2ABC4341F02471D00008559 /* Debug */ = {
			isa = XCBuildConfiguration;
			buildSettings = {
				ALWAYS_SEARCH_USER_PATHS = NO;
				CLANG_ANALYZER_NONNULL = YES;
				CLANG_ANALYZER_NUMBER_OBJECT_CONVERSION = YES_AGGRESSIVE;
				CLANG_CXX_LANGUAGE_STANDARD = "gnu++0x";
				CLANG_CXX_LIBRARY = "libc++";
				CLANG_ENABLE_MODULES = YES;
				CLANG_ENABLE_OBJC_ARC = YES;
				CLANG_WARN_BOOL_CONVERSION = YES;
				CLANG_WARN_CONSTANT_CONVERSION = YES;
				CLANG_WARN_DIRECT_OBJC_ISA_USAGE = YES_ERROR;
				CLANG_WARN_DOCUMENTATION_COMMENTS = YES;
				CLANG_WARN_EMPTY_BODY = YES;
				CLANG_WARN_ENUM_CONVERSION = YES;
				CLANG_WARN_INFINITE_RECURSION = YES;
				CLANG_WARN_INT_CONVERSION = YES;
				CLANG_WARN_OBJC_ROOT_CLASS = YES_ERROR;
				CLANG_WARN_SUSPICIOUS_MOVE = YES;
				CLANG_WARN_UNREACHABLE_CODE = YES;
				CLANG_WARN__DUPLICATE_METHOD_MATCH = YES;
				"CODE_SIGN_IDENTITY[sdk=iphoneos*]" = "iPhone Developer";
				COPY_PHASE_STRIP = NO;
				DEBUG_INFORMATION_FORMAT = dwarf;
				ENABLE_STRICT_OBJC_MSGSEND = YES;
				ENABLE_TESTABILITY = YES;
				GCC_C_LANGUAGE_STANDARD = gnu99;
				GCC_DYNAMIC_NO_PIC = NO;
				GCC_NO_COMMON_BLOCKS = YES;
				GCC_OPTIMIZATION_LEVEL = 0;
				GCC_PREPROCESSOR_DEFINITIONS = (
					"DEBUG=1",
					"$(inherited)",
				);
				GCC_WARN_64_TO_32_BIT_CONVERSION = YES;
				GCC_WARN_ABOUT_RETURN_TYPE = YES_ERROR;
				GCC_WARN_UNDECLARED_SELECTOR = YES;
				GCC_WARN_UNINITIALIZED_AUTOS = YES_AGGRESSIVE;
				GCC_WARN_UNUSED_FUNCTION = YES;
				GCC_WARN_UNUSED_VARIABLE = YES;
				IPHONEOS_DEPLOYMENT_TARGET = 10.3;
				MTL_ENABLE_DEBUG_INFO = YES;
				ONLY_ACTIVE_ARCH = YES;
				SDKROOT = iphoneos;
			};
			name = Debug;
		};
		F2ABC4351F02471D00008559 /* Release */ = {
			isa = XCBuildConfiguration;
			buildSettings = {
				ALWAYS_SEARCH_USER_PATHS = NO;
				CLANG_ANALYZER_NONNULL = YES;
				CLANG_ANALYZER_NUMBER_OBJECT_CONVERSION = YES_AGGRESSIVE;
				CLANG_CXX_LANGUAGE_STANDARD = "gnu++0x";
				CLANG_CXX_LIBRARY = "libc++";
				CLANG_ENABLE_MODULES = YES;
				CLANG_ENABLE_OBJC_ARC = YES;
				CLANG_WARN_BOOL_CONVERSION = YES;
				CLANG_WARN_CONSTANT_CONVERSION = YES;
				CLANG_WARN_DIRECT_OBJC_ISA_USAGE = YES_ERROR;
				CLANG_WARN_DOCUMENTATION_COMMENTS = YES;
				CLANG_WARN_EMPTY_BODY = YES;
				CLANG_WARN_ENUM_CONVERSION = YES;
				CLANG_WARN_INFINITE_RECURSION = YES;
				CLANG_WARN_INT_CONVERSION = YES;
				CLANG_WARN_OBJC_ROOT_CLASS = YES_ERROR;
				CLANG_WARN_SUSPICIOUS_MOVE = YES;
				CLANG_WARN_UNREACHABLE_CODE = YES;
				CLANG_WARN__DUPLICATE_METHOD_MATCH = YES;
				"CODE_SIGN_IDENTITY[sdk=iphoneos*]" = "iPhone Developer";
				COPY_PHASE_STRIP = NO;
				DEBUG_INFORMATION_FORMAT = "dwarf-with-dsym";
				ENABLE_NS_ASSERTIONS = NO;
				ENABLE_STRICT_OBJC_MSGSEND = YES;
				GCC_C_LANGUAGE_STANDARD = gnu99;
				GCC_NO_COMMON_BLOCKS = YES;
				GCC_WARN_64_TO_32_BIT_CONVERSION = YES;
				GCC_WARN_ABOUT_RETURN_TYPE = YES_ERROR;
				GCC_WARN_UNDECLARED_SELECTOR = YES;
				GCC_WARN_UNINITIALIZED_AUTOS = YES_AGGRESSIVE;
				GCC_WARN_UNUSED_FUNCTION = YES;
				GCC_WARN_UNUSED_VARIABLE = YES;
				IPHONEOS_DEPLOYMENT_TARGET = 10.3;
				MTL_ENABLE_DEBUG_INFO = NO;
				SDKROOT = iphoneos;
				VALIDATE_PRODUCT = YES;
			};
			name = Release;
		};
		F2ABC4371F02471D00008559 /* Debug */ = {
			isa = XCBuildConfiguration;
			buildSettings = {
				ASSETCATALOG_COMPILER_APPICON_NAME = AppIcon;
				DEVELOPMENT_TEAM = 5XP7V8XFSX;
				ENABLE_STRICT_OBJC_MSGSEND = NO;
				INFOPLIST_FILE = RuntimeDome/Info.plist;
				LD_RUNPATH_SEARCH_PATHS = "$(inherited) @executable_path/Frameworks";
				PRODUCT_BUNDLE_IDENTIFIER = com.yiniu.RuntimeDome;
				PRODUCT_NAME = "$(TARGET_NAME)";
			};
			name = Debug;
		};
		F2ABC4381F02471D00008559 /* Release */ = {
			isa = XCBuildConfiguration;
			buildSettings = {
				ASSETCATALOG_COMPILER_APPICON_NAME = AppIcon;
				DEVELOPMENT_TEAM = 5XP7V8XFSX;
				ENABLE_STRICT_OBJC_MSGSEND = NO;
				INFOPLIST_FILE = RuntimeDome/Info.plist;
				LD_RUNPATH_SEARCH_PATHS = "$(inherited) @executable_path/Frameworks";
				PRODUCT_BUNDLE_IDENTIFIER = com.yiniu.RuntimeDome;
				PRODUCT_NAME = "$(TARGET_NAME)";
			};
			name = Release;
		};
		F2ABC43A1F02471D00008559 /* Debug */ = {
			isa = XCBuildConfiguration;
			buildSettings = {
				BUNDLE_LOADER = "$(TEST_HOST)";
				DEVELOPMENT_TEAM = 5XP7V8XFSX;
				INFOPLIST_FILE = RuntimeDomeTests/Info.plist;
				LD_RUNPATH_SEARCH_PATHS = "$(inherited) @executable_path/Frameworks @loader_path/Frameworks";
				PRODUCT_BUNDLE_IDENTIFIER = com.yiniu.RuntimeDomeTests;
				PRODUCT_NAME = "$(TARGET_NAME)";
				TEST_HOST = "$(BUILT_PRODUCTS_DIR)/RuntimeDome.app/RuntimeDome";
			};
			name = Debug;
		};
		F2ABC43B1F02471D00008559 /* Release */ = {
			isa = XCBuildConfiguration;
			buildSettings = {
				BUNDLE_LOADER = "$(TEST_HOST)";
				DEVELOPMENT_TEAM = 5XP7V8XFSX;
				INFOPLIST_FILE = RuntimeDomeTests/Info.plist;
				LD_RUNPATH_SEARCH_PATHS = "$(inherited) @executable_path/Frameworks @loader_path/Frameworks";
				PRODUCT_BUNDLE_IDENTIFIER = com.yiniu.RuntimeDomeTests;
				PRODUCT_NAME = "$(TARGET_NAME)";
				TEST_HOST = "$(BUILT_PRODUCTS_DIR)/RuntimeDome.app/RuntimeDome";
			};
			name = Release;
		};
		F2ABC43D1F02471D00008559 /* Debug */ = {
			isa = XCBuildConfiguration;
			buildSettings = {
				DEVELOPMENT_TEAM = 5XP7V8XFSX;
				INFOPLIST_FILE = RuntimeDomeUITests/Info.plist;
				LD_RUNPATH_SEARCH_PATHS = "$(inherited) @executable_path/Frameworks @loader_path/Frameworks";
				PRODUCT_BUNDLE_IDENTIFIER = com.yiniu.RuntimeDomeUITests;
				PRODUCT_NAME = "$(TARGET_NAME)";
				TEST_TARGET_NAME = RuntimeDome;
			};
			name = Debug;
		};
		F2ABC43E1F02471D00008559 /* Release */ = {
			isa = XCBuildConfiguration;
			buildSettings = {
				DEVELOPMENT_TEAM = 5XP7V8XFSX;
				INFOPLIST_FILE = RuntimeDomeUITests/Info.plist;
				LD_RUNPATH_SEARCH_PATHS = "$(inherited) @executable_path/Frameworks @loader_path/Frameworks";
				PRODUCT_BUNDLE_IDENTIFIER = com.yiniu.RuntimeDomeUITests;
				PRODUCT_NAME = "$(TARGET_NAME)";
				TEST_TARGET_NAME = RuntimeDome;
			};
			name = Release;
		};
/* End XCBuildConfiguration section */

/* Begin XCConfigurationList section */
		F2ABC4011F02471D00008559 /* Build configuration list for PBXProject "RuntimeDome" */ = {
			isa = XCConfigurationList;
			buildConfigurations = (
				F2ABC4341F02471D00008559 /* Debug */,
				F2ABC4351F02471D00008559 /* Release */,
			);
			defaultConfigurationIsVisible = 0;
			defaultConfigurationName = Release;
		};
		F2ABC4361F02471D00008559 /* Build configuration list for PBXNativeTarget "RuntimeDome" */ = {
			isa = XCConfigurationList;
			buildConfigurations = (
				F2ABC4371F02471D00008559 /* Debug */,
				F2ABC4381F02471D00008559 /* Release */,
			);
			defaultConfigurationIsVisible = 0;
			defaultConfigurationName = Release;
		};
		F2ABC4391F02471D00008559 /* Build configuration list for PBXNativeTarget "RuntimeDomeTests" */ = {
			isa = XCConfigurationList;
			buildConfigurations = (
				F2ABC43A1F02471D00008559 /* Debug */,
				F2ABC43B1F02471D00008559 /* Release */,
			);
			defaultConfigurationIsVisible = 0;
			defaultConfigurationName = Release;
		};
		F2ABC43C1F02471D00008559 /* Build configuration list for PBXNativeTarget "RuntimeDomeUITests" */ = {
			isa = XCConfigurationList;
			buildConfigurations = (
				F2ABC43D1F02471D00008559 /* Debug */,
				F2ABC43E1F02471D00008559 /* Release */,
			);
			defaultConfigurationIsVisible = 0;
			defaultConfigurationName = Release;
		};
/* End XCConfigurationList section */

/* Begin XCVersionGroup section */
		F2ABC4151F02471D00008559 /* RuntimeDome.xcdatamodeld */ = {
			isa = XCVersionGroup;
			children = (
				F2ABC4161F02471D00008559 /* RuntimeDome.xcdatamodel */,
			);
			currentVersion = F2ABC4161F02471D00008559 /* RuntimeDome.xcdatamodel */;
			path = RuntimeDome.xcdatamodeld;
			sourceTree = "<group>";
			versionGroupType = wrapper.xcdatamodel;
		};
/* End XCVersionGroup section */
	};
	rootObject = F2ABC3FE1F02471D00008559 /* Project object */;
}
